// !$*UTF8*$!
{
	archiveVersion = 1;
	classes = {
	};
	objectVersion = 60;
	objects = {

/* Begin PBXBuildFile section */
		0B37BA697EDE4D00A3C0F909 /* DemoServices.swift in Sources */ = {isa = PBXBuildFile; fileRef = 35B77E26E21246CDBF95382D /* DemoServices.swift */; };
		190C7955F5D841D794268349 /* UIKitLocalizationDemoViewController.swift in Sources */ = {isa = PBXBuildFile; fileRef = C766D6CD6BF647B38D38B8C6 /* UIKitLocalizationDemoViewController.swift */; };
		20D5271E0FE44FD99D1AFF03 /* GestureDirectionDemoView.swift in Sources */ = {isa = PBXBuildFile; fileRef = E38BEFBF5CFF4CD59A4E7DCD /* GestureDirectionDemoView.swift */; };
		24E3AC56DDDA4B2BB6B70BF9 /* Localizable.xcstrings in Resources */ = {isa = PBXBuildFile; fileRef = 1965C4D6BDCF4E0A9899A60D /* Localizable.xcstrings */; };
		33D11F4B301FA2D200BDC06E /* AppLocalization in Frameworks */ = {isa = PBXBuildFile; productRef = 33D11F4A301FA2D200BDC06E /* AppLocalization */; };
		7737775F2D80479CB568F2BC /* UIKitDemoRepresentable.swift in Sources */ = {isa = PBXBuildFile; fileRef = E22206F1284E401FB5BF4445 /* UIKitDemoRepresentable.swift */; };
		7FAB7D232A084EAA915B1C6D /* DemoRootView.swift in Sources */ = {isa = PBXBuildFile; fileRef = 903444C8CC7646E49183540E /* DemoRootView.swift */; };
		9B0F5AA6F3B14CBCA5010001 /* InfoPlist.xcstrings in Resources */ = {isa = PBXBuildFile; fileRef = 9B0F5AA6F3B14CBCA5010002 /* InfoPlist.xcstrings */; };
		A7C9E0115A5C4E138A010001 /* Assets.xcassets in Resources */ = {isa = PBXBuildFile; fileRef = A7C9E0115A5C4E138A010002 /* Assets.xcassets */; };
		A91C5F6118E84A4AA0B10001 /* PushPopGestureDemoView.swift in Sources */ = {isa = PBXBuildFile; fileRef = A91C5F6118E84A4AA0B10002 /* PushPopGestureDemoView.swift */; };
		A91C5F6118E84A4AA0B10003 /* NavigationPopGestureConfigurator.swift in Sources */ = {isa = PBXBuildFile; fileRef = A91C5F6118E84A4AA0B10004 /* NavigationPopGestureConfigurator.swift */; };
		CF34B739DB2B4938B0B16F6F /* LanguageSwitchingDemoApp.swift in Sources */ = {isa = PBXBuildFile; fileRef = 33943A63E0104C19889FA467 /* LanguageSwitchingDemoApp.swift */; };
/* End PBXBuildFile section */

/* Begin PBXFileReference section */
		1965C4D6BDCF4E0A9899A60D /* Localizable.xcstrings */ = {isa = PBXFileReference; lastKnownFileType = text.json.xcstrings; path = Localizable.xcstrings; sourceTree = "<group>"; };
		33943A63E0104C19889FA467 /* LanguageSwitchingDemoApp.swift */ = {isa = PBXFileReference; lastKnownFileType = sourcecode.swift; path = LanguageSwitchingDemoApp.swift; sourceTree = "<group>"; };
		35B77E26E21246CDBF95382D /* DemoServices.swift */ = {isa = PBXFileReference; lastKnownFileType = sourcecode.swift; path = DemoServices.swift; sourceTree = "<group>"; };
		903444C8CC7646E49183540E /* DemoRootView.swift */ = {isa = PBXFileReference; lastKnownFileType = sourcecode.swift; path = DemoRootView.swift; sourceTree = "<group>"; };
		9B0F5AA6F3B14CBCA5010002 /* InfoPlist.xcstrings */ = {isa = PBXFileReference; lastKnownFileType = text.json.xcstrings; path = InfoPlist.xcstrings; sourceTree = "<group>"; };
		A42FD005FDF840B5906F908A /* LanguageSwitchingDemo.app */ = {isa = PBXFileReference; explicitFileType = wrapper.application; includeInIndex = 0; path = LanguageSwitchingDemo.app; sourceTree = BUILT_PRODUCTS_DIR; };
		A7C9E0115A5C4E138A010002 /* Assets.xcassets */ = {isa = PBXFileReference; lastKnownFileType = folder.assetcatalog; path = Assets.xcassets; sourceTree = "<group>"; };
		A91C5F6118E84A4AA0B10002 /* PushPopGestureDemoView.swift */ = {isa = PBXFileReference; lastKnownFileType = sourcecode.swift; path = PushPopGestureDemoView.swift; sourceTree = "<group>"; };
		A91C5F6118E84A4AA0B10004 /* NavigationPopGestureConfigurator.swift */ = {isa = PBXFileReference; lastKnownFileType = sourcecode.swift; path = NavigationPopGestureConfigurator.swift; sourceTree = "<group>"; };
		C766D6CD6BF647B38D38B8C6 /* UIKitLocalizationDemoViewController.swift */ = {isa = PBXFileReference; lastKnownFileType = sourcecode.swift; path = UIKitLocalizationDemoViewController.swift; sourceTree = "<group>"; };
		E22206F1284E401FB5BF4445 /* UIKitDemoRepresentable.swift */ = {isa = PBXFileReference; lastKnownFileType = sourcecode.swift; path = UIKitDemoRepresentable.swift; sourceTree = "<group>"; };
		E38BEFBF5CFF4CD59A4E7DCD /* GestureDirectionDemoView.swift */ = {isa = PBXFileReference; lastKnownFileType = sourcecode.swift; path = GestureDirectionDemoView.swift; sourceTree = "<group>"; };
/* End PBXFileReference section */

/* Begin PBXFrameworksBuildPhase section */
		981D470329464B57B443F29E /* Frameworks */ = {
			isa = PBXFrameworksBuildPhase;
			buildActionMask = 2147483647;
			files = (
				33D11F4B301FA2D200BDC06E /* AppLocalization in Frameworks */,
			);
			runOnlyForDeploymentPostprocessing = 0;
		};
/* End PBXFrameworksBuildPhase section */

/* Begin PBXGroup section */
		3237977DE08649C093F678E5 /* LanguageSwitchingDemo */ = {
			isa = PBXGroup;
			children = (
				33943A63E0104C19889FA467 /* LanguageSwitchingDemoApp.swift */,
				35B77E26E21246CDBF95382D /* DemoServices.swift */,
				903444C8CC7646E49183540E /* DemoRootView.swift */,
				E38BEFBF5CFF4CD59A4E7DCD /* GestureDirectionDemoView.swift */,
				A91C5F6118E84A4AA0B10002 /* PushPopGestureDemoView.swift */,
				A91C5F6118E84A4AA0B10004 /* NavigationPopGestureConfigurator.swift */,
				E22206F1284E401FB5BF4445 /* UIKitDemoRepresentable.swift */,
				C766D6CD6BF647B38D38B8C6 /* UIKitLocalizationDemoViewController.swift */,
				1965C4D6BDCF4E0A9899A60D /* Localizable.xcstrings */,
				9B0F5AA6F3B14CBCA5010002 /* InfoPlist.xcstrings */,
				A7C9E0115A5C4E138A010002 /* Assets.xcassets */,
			);
			path = LanguageSwitchingDemo;
			sourceTree = "<group>";
		};
		B85B45A7972A4BEBA24EEE4D = {
			isa = PBXGroup;
			children = (
				3237977DE08649C093F678E5 /* LanguageSwitchingDemo */,
				C50D72E06A3C432CA0D4A2C4 /* Products */,
			);
			sourceTree = "<group>";
		};
		C50D72E06A3C432CA0D4A2C4 /* Products */ = {
			isa = PBXGroup;
			children = (
				A42FD005FDF840B5906F908A /* LanguageSwitchingDemo.app */,
			);
			name = Products;
			sourceTree = "<group>";
		};
/* End PBXGroup section */

/* Begin PBXNativeTarget section */
		AA115B9C561F4DF7856F5408 /* LanguageSwitchingDemo */ = {
			isa = PBXNativeTarget;
			buildConfigurationList = 2604985E99F149E1A06979EB /* Build configuration list for PBXNativeTarget "LanguageSwitchingDemo" */;
			buildPhases = (
				3A1CB929852D4AB8837F094D /* Sources */,
				981D470329464B57B443F29E /* Frameworks */,
				33ED640C6FF046A8ADC11D3E /* Resources */,
			);
			buildRules = (
			);
			dependencies = (
			);
			name = LanguageSwitchingDemo;
			productName = LanguageSwitchingDemo;
			productReference = A42FD005FDF840B5906F908A /* LanguageSwitchingDemo.app */;
			productType = "com.apple.product-type.application";
		};
/* End PBXNativeTarget section */

/* Begin PBXProject section */
		B1E5247B50EA4A0EB1608AB7 /* Project object */ = {
			isa = PBXProject;
			attributes = {
				BuildIndependentTargetsInParallel = 1;
				LastSwiftUpdateCheck = 1620;
				LastUpgradeCheck = 2630;
				TargetAttributes = {
					AA115B9C561F4DF7856F5408 = {
						CreatedOnToolsVersion = 16.2;
					};
				};
			};
			buildConfigurationList = C105312AB60C48CCA110C45B /* Build configuration list for PBXProject "LanguageSwitchingDemo" */;
			compatibilityVersion = "Xcode 14.0";
			developmentRegion = en;
			hasScannedForEncodings = 0;
			knownRegions = (
				en,
				Base,
				"zh-Hans",
				ar,
			);
			mainGroup = B85B45A7972A4BEBA24EEE4D;
			packageReferences = (
				33D11F49301FA2D200BDC06E /* XCLocalSwiftPackageReference "../.." */,
			);
			productRefGroup = C50D72E06A3C432CA0D4A2C4 /* Products */;
			projectDirPath = "";
			projectRoot = "";
			targets = (
				AA115B9C561F4DF7856F5408 /* LanguageSwitchingDemo */,
			);
		};
/* End PBXProject section */

/* Begin PBXResourcesBuildPhase section */
		33ED640C6FF046A8ADC11D3E /* Resources */ = {
			isa = PBXResourcesBuildPhase;
			buildActionMask = 2147483647;
			files = (
				24E3AC56DDDA4B2BB6B70BF9 /* Localizable.xcstrings in Resources */,
				9B0F5AA6F3B14CBCA5010001 /* InfoPlist.xcstrings in Resources */,
				A7C9E0115A5C4E138A010001 /* Assets.xcassets in Resources */,
			);
			runOnlyForDeploymentPostprocessing = 0;
		};
/* End PBXResourcesBuildPhase section */

/* Begin PBXSourcesBuildPhase section */
		3A1CB929852D4AB8837F094D /* Sources */ = {
			isa = PBXSourcesBuildPhase;
			buildActionMask = 2147483647;
			files = (
				CF34B739DB2B4938B0B16F6F /* LanguageSwitchingDemoApp.swift in Sources */,
				0B37BA697EDE4D00A3C0F909 /* DemoServices.swift in Sources */,
				7FAB7D232A084EAA915B1C6D /* DemoRootView.swift in Sources */,
				20D5271E0FE44FD99D1AFF03 /* GestureDirectionDemoView.swift in Sources */,
				A91C5F6118E84A4AA0B10001 /* PushPopGestureDemoView.swift in Sources */,
				A91C5F6118E84A4AA0B10003 /* NavigationPopGestureConfigurator.swift in Sources */,
				7737775F2D80479CB568F2BC /* UIKitDemoRepresentable.swift in Sources */,
				190C7955F5D841D794268349 /* UIKitLocalizationDemoViewController.swift in Sources */,
			);
			runOnlyForDeploymentPostprocessing = 0;
		};
/* End PBXSourcesBuildPhase section */

/* Begin XCBuildConfiguration section */
		06B808F45FD74406893A50B6 /* Debug */ = {
			isa = XCBuildConfiguration;
			buildSettings = {
				ASSETCATALOG_COMPILER_APPICON_NAME = AppIcon;
				CODE_SIGNING_ALLOWED = NO;
				CODE_SIGN_STYLE = Automatic;
				CURRENT_PROJECT_VERSION = 1;
				DEVELOPMENT_ASSET_PATHS = "";
				ENABLE_PREVIEWS = YES;
				GENERATE_INFOPLIST_FILE = YES;
				INFOPLIST_KEY_CFBundleDisplayName = "Language Demo";
				INFOPLIST_KEY_LSApplicationCategoryType = "public.app-category.developer-tools";
				INFOPLIST_KEY_UIApplicationSceneManifest_Generation = YES;
				INFOPLIST_KEY_UIApplicationSupportsIndirectInputEvents = YES;
				INFOPLIST_KEY_UILaunchScreen_Generation = YES;
				INFOPLIST_KEY_UISupportedInterfaceOrientations_iPad = "UIInterfaceOrientationPortrait UIInterfaceOrientationPortraitUpsideDown UIInterfaceOrientationLandscapeLeft UIInterfaceOrientationLandscapeRight";
				INFOPLIST_KEY_UISupportedInterfaceOrientations_iPhone = "UIInterfaceOrientationPortrait UIInterfaceOrientationLandscapeLeft UIInterfaceOrientationLandscapeRight";
				LD_RUNPATH_SEARCH_PATHS = (
					"$(inherited)",
					"@executable_path/Frameworks",
				);
				MARKETING_VERSION = 1.0;
				PRODUCT_BUNDLE_IDENTIFIER = com.example.LanguageSwitchingDemo;
				PRODUCT_NAME = "$(TARGET_NAME)";
				SUPPORTED_PLATFORMS = "iphoneos iphonesimulator";
				SUPPORTS_MACCATALYST = NO;
				SWIFT_EMIT_LOC_STRINGS = YES;
				SWIFT_VERSION = 6.0;
				TARGETED_DEVICE_FAMILY = "1,2";
			};
			name = Debug;
		};
		917AC1056EDE486D996EE45D /* Release */ = {
			isa = XCBuildConfiguration;
			buildSettings = {
				ASSETCATALOG_COMPILER_APPICON_NAME = AppIcon;
				CODE_SIGNING_ALLOWED = NO;
				CODE_SIGN_STYLE = Automatic;
				CURRENT_PROJECT_VERSION = 1;
				DEVELOPMENT_ASSET_PATHS = "";
				ENABLE_PREVIEWS = YES;
				GENERATE_INFOPLIST_FILE = YES;
				INFOPLIST_KEY_CFBundleDisplayName = "Language Demo";
				INFOPLIST_KEY_LSApplicationCategoryType = "public.app-category.developer-tools";
				INFOPLIST_KEY_UIApplicationSceneManifest_Generation = YES;
				INFOPLIST_KEY_UIApplicationSupportsIndirectInputEvents = YES;
				INFOPLIST_KEY_UILaunchScreen_Generation = YES;
				INFOPLIST_KEY_UISupportedInterfaceOrientations_iPad = "UIInterfaceOrientationPortrait UIInterfaceOrientationPortraitUpsideDown UIInterfaceOrientationLandscapeLeft UIInterfaceOrientationLandscapeRight";
				INFOPLIST_KEY_UISupportedInterfaceOrientations_iPhone = "UIInterfaceOrientationPortrait UIInterfaceOrientationLandscapeLeft UIInterfaceOrientationLandscapeRight";
				LD_RUNPATH_SEARCH_PATHS = (
					"$(inherited)",
					"@executable_path/Frameworks",
				);
				MARKETING_VERSION = 1.0;
				PRODUCT_BUNDLE_IDENTIFIER = com.example.LanguageSwitchingDemo;
				PRODUCT_NAME = "$(TARGET_NAME)";
				SUPPORTED_PLATFORMS = "iphoneos iphonesimulator";
				SUPPORTS_MACCATALYST = NO;
				SWIFT_EMIT_LOC_STRINGS = YES;
				SWIFT_VERSION = 6.0;
				TARGETED_DEVICE_FAMILY = "1,2";
			};
			name = Release;
		};
		9D94EEC3AF674482A930D8B8 /* Debug */ = {
			isa = XCBuildConfiguration;
			buildSettings = {
				ALWAYS_SEARCH_USER_PATHS = NO;
				CLANG_ANALYZER_LOCALIZABILITY_NONLOCALIZED = YES;
				CLANG_ANALYZER_NONNULL = YES;
				CLANG_ANALYZER_NUMBER_OBJECT_CONVERSION = YES_AGGRESSIVE;
				CLANG_CXX_LANGUAGE_STANDARD = "gnu++20";
				CLANG_ENABLE_MODULES = YES;
				CLANG_ENABLE_OBJC_ARC = YES;
				CLANG_ENABLE_OBJC_WEAK = YES;
				CLANG_WARN_BLOCK_CAPTURE_AUTORELEASING = YES;
				CLANG_WARN_BOOL_CONVERSION = YES;
				CLANG_WARN_COMMA = YES;
				CLANG_WARN_CONSTANT_CONVERSION = YES;
				CLANG_WARN_DEPRECATED_OBJC_IMPLEMENTATIONS = YES;
				CLANG_WARN_DIRECT_OBJC_ISA_USAGE = YES_ERROR;
				CLANG_WARN_DOCUMENTATION_COMMENTS = YES;
				CLANG_WARN_EMPTY_BODY = YES;
				CLANG_WARN_ENUM_CONVERSION = YES;
				CLANG_WARN_INFINITE_RECURSION = YES;
				CLANG_WARN_INT_CONVERSION = YES;
				CLANG_WARN_NON_LITERAL_NULL_CONVERSION = YES;
				CLANG_WARN_OBJC_IMPLICIT_RETAIN_SELF = YES;
				CLANG_WARN_OBJC_LITERAL_CONVERSION = YES;
				CLANG_WARN_OBJC_ROOT_CLASS = YES_ERROR;
				CLANG_WARN_QUOTED_INCLUDE_IN_FRAMEWORK_HEADER = YES;
				CLANG_WARN_RANGE_LOOP_ANALYSIS = YES;
				CLANG_WARN_STRICT_PROTOTYPES = YES;
				CLANG_WARN_SUSPICIOUS_MOVE = YES;
				CLANG_WARN_UNGUARDED_AVAILABILITY = YES_AGGRESSIVE;
				CLANG_WARN_UNREACHABLE_CODE = YES;
				CLANG_WARN__DUPLICATE_METHOD_MATCH = YES;
				COPY_PHASE_STRIP = NO;
				DEBUG_INFORMATION_FORMAT = dwarf;
				ENABLE_STRICT_OBJC_MSGSEND = YES;
				ENABLE_TESTABILITY = YES;
				ENABLE_USER_SCRIPT_SANDBOXING = YES;
				GCC_C_LANGUAGE_STANDARD = gnu17;
				GCC_DYNAMIC_NO_PIC = NO;
				GCC_NO_COMMON_BLOCKS = YES;
				GCC_OPTIMIZATION_LEVEL = 0;
				GCC_PREPROCESSOR_DEFINITIONS = (
					"DEBUG=1",
					"$(inherited)",
				);
				GCC_WARN_64_TO_32_BIT_CONVERSION = YES;
				GCC_WARN_ABOUT_RETURN_TYPE = YES_ERROR;
				GCC_WARN_UNDECLARED_SELECTOR = YES;
				GCC_WARN_UNINITIALIZED_AUTOS = YES_AGGRESSIVE;
				GCC_WARN_UNUSED_FUNCTION = YES;
				GCC_WARN_UNUSED_VARIABLE = YES;
				IPHONEOS_DEPLOYMENT_TARGET = 15.0;
				MTL_ENABLE_DEBUG_INFO = INCLUDE_SOURCE;
				MTL_FAST_MATH = YES;
				ONLY_ACTIVE_ARCH = YES;
				SDKROOT = iphoneos;
				STRING_CATALOG_GENERATE_SYMBOLS = YES;
				SWIFT_ACTIVE_COMPILATION_CONDITIONS = DEBUG;
				SWIFT_OPTIMIZATION_LEVEL = "-Onone";
				SWIFT_VERSION = 6.0;
			};
			name = Debug;
		};
		C2E0BDDFA51845E4BAD16EB4 /* Release */ = {
			isa = XCBuildConfiguration;
			buildSettings = {
				ALWAYS_SEARCH_USER_PATHS = NO;
				CLANG_ANALYZER_LOCALIZABILITY_NONLOCALIZED = YES;
				CLANG_ANALYZER_NONNULL = YES;
				CLANG_ANALYZER_NUMBER_OBJECT_CONVERSION = YES_AGGRESSIVE;
				CLANG_CXX_LANGUAGE_STANDARD = "gnu++20";
				CLANG_ENABLE_MODULES = YES;
				CLANG_ENABLE_OBJC_ARC = YES;
				CLANG_ENABLE_OBJC_WEAK = YES;
				CLANG_WARN_BLOCK_CAPTURE_AUTORELEASING = YES;
				CLANG_WARN_BOOL_CONVERSION = YES;
				CLANG_WARN_COMMA = YES;
				CLANG_WARN_CONSTANT_CONVERSION = YES;
				CLANG_WARN_DEPRECATED_OBJC_IMPLEMENTATIONS = YES;
				CLANG_WARN_DIRECT_OBJC_ISA_USAGE = YES_ERROR;
				CLANG_WARN_DOCUMENTATION_COMMENTS = YES;
				CLANG_WARN_EMPTY_BODY = YES;
				CLANG_WARN_ENUM_CONVERSION = YES;
				CLANG_WARN_INFINITE_RECURSION = YES;
				CLANG_WARN_INT_CONVERSION = YES;
				CLANG_WARN_NON_LITERAL_NULL_CONVERSION = YES;
				CLANG_WARN_OBJC_IMPLICIT_RETAIN_SELF = YES;
				CLANG_WARN_OBJC_LITERAL_CONVERSION = YES;
				CLANG_WARN_OBJC_ROOT_CLASS = YES_ERROR;
				CLANG_WARN_QUOTED_INCLUDE_IN_FRAMEWORK_HEADER = YES;
				CLANG_WARN_RANGE_LOOP_ANALYSIS = YES;
				CLANG_WARN_STRICT_PROTOTYPES = YES;
				CLANG_WARN_SUSPICIOUS_MOVE = YES;
				CLANG_WARN_UNGUARDED_AVAILABILITY = YES_AGGRESSIVE;
				CLANG_WARN_UNREACHABLE_CODE = YES;
				CLANG_WARN__DUPLICATE_METHOD_MATCH = YES;
				COPY_PHASE_STRIP = NO;
				DEBUG_INFORMATION_FORMAT = "dwarf-with-dsym";
				ENABLE_NS_ASSERTIONS = NO;
				ENABLE_STRICT_OBJC_MSGSEND = YES;
				ENABLE_USER_SCRIPT_SANDBOXING = YES;
				GCC_C_LANGUAGE_STANDARD = gnu17;
				GCC_NO_COMMON_BLOCKS = YES;
				GCC_WARN_64_TO_32_BIT_CONVERSION = YES;
				GCC_WARN_ABOUT_RETURN_TYPE = YES_ERROR;
				GCC_WARN_UNDECLARED_SELECTOR = YES;
				GCC_WARN_UNINITIALIZED_AUTOS = YES_AGGRESSIVE;
				GCC_WARN_UNUSED_FUNCTION = YES;
				GCC_WARN_UNUSED_VARIABLE = YES;
				IPHONEOS_DEPLOYMENT_TARGET = 15.0;
				MTL_ENABLE_DEBUG_INFO = NO;
				MTL_FAST_MATH = YES;
				SDKROOT = iphoneos;
				STRING_CATALOG_GENERATE_SYMBOLS = YES;
				SWIFT_COMPILATION_MODE = wholemodule;
				SWIFT_VERSION = 6.0;
				VALIDATE_PRODUCT = YES;
			};
			name = Release;
		};
/* End XCBuildConfiguration section */

/* Begin XCConfigurationList section */
		2604985E99F149E1A06979EB /* Build configuration list for PBXNativeTarget "LanguageSwitchingDemo" */ = {
			isa = XCConfigurationList;
			buildConfigurations = (
				06B808F45FD74406893A50B6 /* Debug */,
				917AC1056EDE486D996EE45D /* Release */,
			);
			defaultConfigurationIsVisible = 0;
			defaultConfigurationName = Release;
		};
		C105312AB60C48CCA110C45B /* Build configuration list for PBXProject "LanguageSwitchingDemo" */ = {
			isa = XCConfigurationList;
			buildConfigurations = (
				9D94EEC3AF674482A930D8B8 /* Debug */,
				C2E0BDDFA51845E4BAD16EB4 /* Release */,
			);
			defaultConfigurationIsVisible = 0;
			defaultConfigurationName = Release;
		};
/* End XCConfigurationList section */

/* Begin XCLocalSwiftPackageReference section */
		33D11F49301FA2D200BDC06E /* XCLocalSwiftPackageReference "../.." */ = {
			isa = XCLocalSwiftPackageReference;
			relativePath = ../..;
		};
/* End XCLocalSwiftPackageReference section */

/* Begin XCSwiftPackageProductDependency section */
		33D11F4A301FA2D200BDC06E /* AppLocalization */ = {
			isa = XCSwiftPackageProductDependency;
			productName = AppLocalization;
		};
/* End XCSwiftPackageProductDependency section */
	};
	rootObject = B1E5247B50EA4A0EB1608AB7 /* Project object */;
}
